
Microsoft Visual Studio Solution File, Format Version 12.00
# Visual Studio Version 17
VisualStudioVersion = 17.8.34511.84
MinimumVisualStudioVersion = 10.0.40219.1
Project("{9A19103F-16F7-4668-BE54-9A1E7A4F7556}") = "OnlineShop.BlazorHybrid", "OnlineShop.BlazorHybrid\OnlineShop.BlazorHybrid.csproj", "{80BC68DE-600C-4FB8-BA42-78DF643E892C}"
EndProject
Project("{9A19103F-16F7-4668-BE54-9A1E7A4F7556}") = "OnlineShop.API", "OnlineShop.API\OnlineShop.API.csproj", "{06DD4C3A-81FF-4200-BFD7-C19F5987B4B2}"
EndProject
Project("{FAE04EC0-301F-11D3-BF4B-00C04F79EFBC}") = "OnlineShop.API.Shared", "OnlineShop.API.Shared\OnlineShop.API.Shared.csproj", "{5F7DBAF1-7ACE-4710-A990-FADFB9B84941}"
EndProject
Project("{FAE04EC0-301F-11D3-BF4B-00C04F79EFBC}") = "OnlineShop.UnitTests", "OnlineShop.UnitTests\OnlineShop.UnitTests.csproj", "{C8FF2CA0-3E6D-44AB-8215-3A4DACCFE202}"
EndProject
Global
	GlobalSection(SolutionConfigurationPlatforms) = preSolution
		Debug|Any CPU = Debug|Any CPU
		Release|Any CPU = Release|Any CPU
	EndGlobalSection
	GlobalSection(ProjectConfigurationPlatforms) = postSolution
		{80BC68DE-600C-4FB8-BA42-78DF643E892C}.Debug|Any CPU.ActiveCfg = Debug|Any CPU
		{80BC68DE-600C-4FB8-BA42-78DF643E892C}.Debug|Any CPU.Build.0 = Debug|Any CPU
		{80BC68DE-600C-4FB8-BA42-78DF643E892C}.Debug|Any CPU.Deploy.0 = Debug|Any CPU
		{80BC68DE-600C-4FB8-BA42-78DF643E892C}.Release|Any CPU.ActiveCfg = Release|Any CPU
		{80BC68DE-600C-4FB8-BA42-78DF643E892C}.Release|Any CPU.Build.0 = Release|Any CPU
		{80BC68DE-600C-4FB8-BA42-78DF643E892C}.Release|Any CPU.Deploy.0 = Release|Any CPU
		{06DD4C3A-81FF-4200-BFD7-C19F5987B4B2}.Debug|Any CPU.ActiveCfg = Debug|Any CPU
		{06DD4C3A-81FF-4200-BFD7-C19F5987B4B2}.Debug|Any CPU.Build.0 = Debug|Any CPU
		{06DD4C3A-81FF-4200-BFD7-C19F5987B4B2}.Release|Any CPU.ActiveCfg = Release|Any CPU
		{06DD4C3A-81FF-4200-BFD7-C19F5987B4B2}.Release|Any CPU.Build.0 = Release|Any CPU
		{5F7DBAF1-7ACE-4710-A990-FADFB9B84941}.Debug|Any CPU.ActiveCfg = Debug|Any CPU
		{5F7DBAF1-7ACE-4710-A990-FADFB9B84941}.Debug|Any CPU.Build.0 = Debug|Any CPU
		{5F7DBAF1-7ACE-4710-A990-FADFB9B84941}.Release|Any CPU.ActiveCfg = Release|Any CPU
		{5F7DBAF1-7ACE-4710-A990-FADFB9B84941}.Release|Any CPU.Build.0 = Release|Any CPU
		{C8FF2CA0-3E6D-44AB-8215-3A4DACCFE202}.Debug|Any CPU.ActiveCfg = Debug|Any CPU
		{C8FF2CA0-3E6D-44AB-8215-3A4DACCFE202}.Debug|Any CPU.Build.0 = Debug|Any CPU
		{C8FF2CA0-3E6D-44AB-8215-3A4DACCFE202}.Release|Any CPU.ActiveCfg = Release|Any CPU
		{C8FF2CA0-3E6D-44AB-8215-3A4DACCFE202}.Release|Any CPU.Build.0 = Release|Any CPU
	EndGlobalSection
	GlobalSection(SolutionProperties) = preSolution
		HideSolutionNode = FALSE
	EndGlobalSection
	GlobalSection(ExtensibilityGlobals) = postSolution
		SolutionGuid = {4679726C-84A7-48CD-9042-A3F41377FB81}
	EndGlobalSection
EndGlobal
